// !$*UTF8*$!
{
	archiveVersion = 1;
	classes = {
	};
	objectVersion = 56;
	objects = {

/* Begin PBXBuildFile section */
		F3D4FAB42B188FFF00004E6E /* AppDelegate.swift in Sources */ = {isa = PBXBuildFile; fileRef = F3D4FAB32B188FFF00004E6E /* AppDelegate.swift */; };
		F3D4FAB62B188FFF00004E6E /* SceneDelegate.swift in Sources */ = {isa = PBXBuildFile; fileRef = F3D4FAB52B188FFF00004E6E /* SceneDelegate.swift */; };
		F3D4FAB82B188FFF00004E6E /* ViewController.swift in Sources */ = {isa = PBXBuildFile; fileRef = F3D4FAB72B188FFF00004E6E /* ViewController.swift */; };
		F3D4FABB2B188FFF00004E6E /* Main.storyboard in Resources */ = {isa = PBXBuildFile; fileRef = F3D4FAB92B188FFF00004E6E /* Main.storyboard */; };
		F3D4FABD2B18900000004E6E /* Assets.xcassets in Resources */ = {isa = PBXBuildFile; fileRef = F3D4FABC2B18900000004E6E /* Assets.xcassets */; };
		F3D4FAC02B18900100004E6E /* LaunchScreen.storyboard in Resources */ = {isa = PBXBuildFile; fileRef = F3D4FABE2B18900100004E6E /* LaunchScreen.storyboard */; };
		F3D4FACB2B18900100004E6E /* CryptoAppTests.swift in Sources */ = {isa = PBXBuildFile; fileRef = F3D4FACA2B18900100004E6E /* CryptoAppTests.swift */; };
		F3D4FAD52B18900100004E6E /* CryptoAppUITests.swift in Sources */ = {isa = PBXBuildFile; fileRef = F3D4FAD42B18900100004E6E /* CryptoAppUITests.swift */; };
		F3D4FAD72B18900100004E6E /* CryptoAppUITestsLaunchTests.swift in Sources */ = {isa = PBXBuildFile; fileRef = F3D4FAD62B18900100004E6E /* CryptoAppUITestsLaunchTests.swift */; };
		F3D4FAE82B189A1A00004E6E /* Crypto.swift in Sources */ = {isa = PBXBuildFile; fileRef = F3D4FAE72B189A1A00004E6E /* Crypto.swift */; };
		F3D4FAEA2B189CA700004E6E /* WebService.swift in Sources */ = {isa = PBXBuildFile; fileRef = F3D4FAE92B189CA700004E6E /* WebService.swift */; };
		F3D4FAEC2B18E37E00004E6E /* CryptoViewModel.swift in Sources */ = {isa = PBXBuildFile; fileRef = F3D4FAEB2B18E37E00004E6E /* CryptoViewModel.swift */; };
		F3D4FAF42B18E98800004E6E /* RxCocoa in Frameworks */ = {isa = PBXBuildFile; productRef = F3D4FAF32B18E98800004E6E /* RxCocoa */; };
		F3D4FAFC2B18E98800004E6E /* RxSwift in Frameworks */ = {isa = PBXBuildFile; productRef = F3D4FAFB2B18E98800004E6E /* RxSwift */; };
		F3D4FB042B19E72600004E6E /* CryptoTableViewCell.swift in Sources */ = {isa = PBXBuildFile; fileRef = F3D4FB032B19E72600004E6E /* CryptoTableViewCell.swift */; };
/* End PBXBuildFile section */

/* Begin PBXContainerItemProxy section */
		F3D4FAC72B18900100004E6E /* PBXContainerItemProxy */ = {
			isa = PBXContainerItemProxy;
			containerPortal = F3D4FAA82B188FFE00004E6E /* Project object */;
			proxyType = 1;
			remoteGlobalIDString = F3D4FAAF2B188FFF00004E6E;
			remoteInfo = CryptoApp;
		};
		F3D4FAD12B18900100004E6E /* PBXContainerItemProxy */ = {
			isa = PBXContainerItemProxy;
			containerPortal = F3D4FAA82B188FFE00004E6E /* Project object */;
			proxyType = 1;
			remoteGlobalIDString = F3D4FAAF2B188FFF00004E6E;
			remoteInfo = CryptoApp;
		};
/* End PBXContainerItemProxy section */

/* Begin PBXFileReference section */
		F3D4FAB02B188FFF00004E6E /* CryptoApp.app */ = {isa = PBXFileReference; explicitFileType = wrapper.application; includeInIndex = 0; path = CryptoApp.app; sourceTree = BUILT_PRODUCTS_DIR; };
		F3D4FAB32B188FFF00004E6E /* AppDelegate.swift */ = {isa = PBXFileReference; lastKnownFileType = sourcecode.swift; path = AppDelegate.swift; sourceTree = "<group>"; };
		F3D4FAB52B188FFF00004E6E /* SceneDelegate.swift */ = {isa = PBXFileReference; lastKnownFileType = sourcecode.swift; path = SceneDelegate.swift; sourceTree = "<group>"; };
		F3D4FAB72B188FFF00004E6E /* ViewController.swift */ = {isa = PBXFileReference; lastKnownFileType = sourcecode.swift; path = ViewController.swift; sourceTree = "<group>"; };
		F3D4FABA2B188FFF00004E6E /* Base */ = {isa = PBXFileReference; lastKnownFileType = file.storyboard; name = Base; path = Base.lproj/Main.storyboard; sourceTree = "<group>"; };
		F3D4FABC2B18900000004E6E /* Assets.xcassets */ = {isa = PBXFileReference; lastKnownFileType = folder.assetcatalog; path = Assets.xcassets; sourceTree = "<group>"; };
		F3D4FABF2B18900100004E6E /* Base */ = {isa = PBXFileReference; lastKnownFileType = file.storyboard; name = Base; path = Base.lproj/LaunchScreen.storyboard; sourceTree = "<group>"; };
		F3D4FAC12B18900100004E6E /* Info.plist */ = {isa = PBXFileReference; lastKnownFileType = text.plist.xml; path = Info.plist; sourceTree = "<group>"; };
		F3D4FAC62B18900100004E6E /* CryptoAppTests.xctest */ = {isa = PBXFileReference; explicitFileType = wrapper.cfbundle; includeInIndex = 0; path = CryptoAppTests.xctest; sourceTree = BUILT_PRODUCTS_DIR; };
		F3D4FACA2B18900100004E6E /* CryptoAppTests.swift */ = {isa = PBXFileReference; lastKnownFileType = sourcecode.swift; path = CryptoAppTests.swift; sourceTree = "<group>"; };
		F3D4FAD02B18900100004E6E /* CryptoAppUITests.xctest */ = {isa = PBXFileReference; explicitFileType = wrapper.cfbundle; includeInIndex = 0; path = CryptoAppUITests.xctest; sourceTree = BUILT_PRODUCTS_DIR; };
		F3D4FAD42B18900100004E6E /* CryptoAppUITests.swift */ = {isa = PBXFileReference; lastKnownFileType = sourcecode.swift; path = CryptoAppUITests.swift; sourceTree = "<group>"; };
		F3D4FAD62B18900100004E6E /* CryptoAppUITestsLaunchTests.swift */ = {isa = PBXFileReference; lastKnownFileType = sourcecode.swift; path = CryptoAppUITestsLaunchTests.swift; sourceTree = "<group>"; };
		F3D4FAE72B189A1A00004E6E /* Crypto.swift */ = {isa = PBXFileReference; lastKnownFileType = sourcecode.swift; path = Crypto.swift; sourceTree = "<group>"; };
		F3D4FAE92B189CA700004E6E /* WebService.swift */ = {isa = PBXFileReference; lastKnownFileType = sourcecode.swift; path = WebService.swift; sourceTree = "<group>"; };
		F3D4FAEB2B18E37E00004E6E /* CryptoViewModel.swift */ = {isa = PBXFileReference; lastKnownFileType = sourcecode.swift; path = CryptoViewModel.swift; sourceTree = "<group>"; };
		F3D4FB032B19E72600004E6E /* CryptoTableViewCell.swift */ = {isa = PBXFileReference; lastKnownFileType = sourcecode.swift; path = CryptoTableViewCell.swift; sourceTree = "<group>"; };
/* End PBXFileReference section */

/* Begin PBXFrameworksBuildPhase section */
		F3D4FAAD2B188FFF00004E6E /* Frameworks */ = {
			isa = PBXFrameworksBuildPhase;
			buildActionMask = 2147483647;
			files = (
				F3D4FAF42B18E98800004E6E /* RxCocoa in Frameworks */,
				F3D4FAFC2B18E98800004E6E /* RxSwift in Frameworks */,
			);
			runOnlyForDeploymentPostprocessing = 0;
		};
		F3D4FAC32B18900100004E6E /* Frameworks */ = {
			isa = PBXFrameworksBuildPhase;
			buildActionMask = 2147483647;
			files = (
			);
			runOnlyForDeploymentPostprocessing = 0;
		};
		F3D4FACD2B18900100004E6E /* Frameworks */ = {
			isa = PBXFrameworksBuildPhase;
			buildActionMask = 2147483647;
			files = (
			);
			runOnlyForDeploymentPostprocessing = 0;
		};
/* End PBXFrameworksBuildPhase section */

/* Begin PBXGroup section */
		F3D4FAA72B188FFE00004E6E = {
			isa = PBXGroup;
			children = (
				F3D4FAB22B188FFF00004E6E /* CryptoApp */,
				F3D4FAC92B18900100004E6E /* CryptoAppTests */,
				F3D4FAD32B18900100004E6E /* CryptoAppUITests */,
				F3D4FAB12B188FFF00004E6E /* Products */,
			);
			sourceTree = "<group>";
		};
		F3D4FAB12B188FFF00004E6E /* Products */ = {
			isa = PBXGroup;
			children = (
				F3D4FAB02B188FFF00004E6E /* CryptoApp.app */,
				F3D4FAC62B18900100004E6E /* CryptoAppTests.xctest */,
				F3D4FAD02B18900100004E6E /* CryptoAppUITests.xctest */,
			);
			name = Products;
			sourceTree = "<group>";
		};
		F3D4FAB22B188FFF00004E6E /* CryptoApp */ = {
			isa = PBXGroup;
			children = (
				F3D4FAE62B18989600004E6E /* Service */,
				F3D4FAE32B18980500004E6E /* Model */,
				F3D4FAE52B18983700004E6E /* ViewModel */,
				F3D4FAE42B18982B00004E6E /* View */,
				F3D4FAB32B188FFF00004E6E /* AppDelegate.swift */,
				F3D4FAB52B188FFF00004E6E /* SceneDelegate.swift */,
				F3D4FAB92B188FFF00004E6E /* Main.storyboard */,
				F3D4FABC2B18900000004E6E /* Assets.xcassets */,
				F3D4FABE2B18900100004E6E /* LaunchScreen.storyboard */,
				F3D4FAC12B18900100004E6E /* Info.plist */,
			);
			path = CryptoApp;
			sourceTree = "<group>";
		};
		F3D4FAC92B18900100004E6E /* CryptoAppTests */ = {
			isa = PBXGroup;
			children = (
				F3D4FACA2B18900100004E6E /* CryptoAppTests.swift */,
			);
			path = CryptoAppTests;
			sourceTree = "<group>";
		};
		F3D4FAD32B18900100004E6E /* CryptoAppUITests */ = {
			isa = PBXGroup;
			children = (
				F3D4FAD42B18900100004E6E /* CryptoAppUITests.swift */,
				F3D4FAD62B18900100004E6E /* CryptoAppUITestsLaunchTests.swift */,
			);
			path = CryptoAppUITests;
			sourceTree = "<group>";
		};
		F3D4FAE32B18980500004E6E /* Model */ = {
			isa = PBXGroup;
			children = (
				F3D4FAE72B189A1A00004E6E /* Crypto.swift */,
			);
			path = Model;
			sourceTree = "<group>";
		};
		F3D4FAE42B18982B00004E6E /* View */ = {
			isa = PBXGroup;
			children = (
				F3D4FAB72B188FFF00004E6E /* ViewController.swift */,
				F3D4FB032B19E72600004E6E /* CryptoTableViewCell.swift */,
			);
			path = View;
			sourceTree = "<group>";
		};
		F3D4FAE52B18983700004E6E /* ViewModel */ = {
			isa = PBXGroup;
			children = (
				F3D4FAEB2B18E37E00004E6E /* CryptoViewModel.swift */,
			);
			path = ViewModel;
			sourceTree = "<group>";
		};
		F3D4FAE62B18989600004E6E /* Service */ = {
			isa = PBXGroup;
			children = (
				F3D4FAE92B189CA700004E6E /* WebService.swift */,
			);
			path = Service;
			sourceTree = "<group>";
		};
/* End PBXGroup section */

/* Begin PBXNativeTarget section */
		F3D4FAAF2B188FFF00004E6E /* CryptoApp */ = {
			isa = PBXNativeTarget;
			buildConfigurationList = F3D4FADA2B18900100004E6E /* Build configuration list for PBXNativeTarget "CryptoApp" */;
			buildPhases = (
				F3D4FAAC2B188FFF00004E6E /* Sources */,
				F3D4FAAD2B188FFF00004E6E /* Frameworks */,
				F3D4FAAE2B188FFF00004E6E /* Resources */,
			);
			buildRules = (
			);
			dependencies = (
			);
			name = CryptoApp;
			packageProductDependencies = (
				F3D4FAF32B18E98800004E6E /* RxCocoa */,
				F3D4FAFB2B18E98800004E6E /* RxSwift */,
			);
			productName = CryptoApp;
			productReference = F3D4FAB02B188FFF00004E6E /* CryptoApp.app */;
			productType = "com.apple.product-type.application";
		};
		F3D4FAC52B18900100004E6E /* CryptoAppTests */ = {
			isa = PBXNativeTarget;
			buildConfigurationList = F3D4FADD2B18900100004E6E /* Build configuration list for PBXNativeTarget "CryptoAppTests" */;
			buildPhases = (
				F3D4FAC22B18900100004E6E /* Sources */,
				F3D4FAC32B18900100004E6E /* Frameworks */,
				F3D4FAC42B18900100004E6E /* Resources */,
			);
			buildRules = (
			);
			dependencies = (
				F3D4FAC82B18900100004E6E /* PBXTargetDependency */,
			);
			name = CryptoAppTests;
			productName = CryptoAppTests;
			productReference = F3D4FAC62B18900100004E6E /* CryptoAppTests.xctest */;
			productType = "com.apple.product-type.bundle.unit-test";
		};
		F3D4FACF2B18900100004E6E /* CryptoAppUITests */ = {
			isa = PBXNativeTarget;
			buildConfigurationList = F3D4FAE02B18900100004E6E /* Build configuration list for PBXNativeTarget "CryptoAppUITests" */;
			buildPhases = (
				F3D4FACC2B18900100004E6E /* Sources */,
				F3D4FACD2B18900100004E6E /* Frameworks */,
				F3D4FACE2B18900100004E6E /* Resources */,
			);
			buildRules = (
			);
			dependencies = (
				F3D4FAD22B18900100004E6E /* PBXTargetDependency */,
			);
			name = CryptoAppUITests;
			productName = CryptoAppUITests;
			productReference = F3D4FAD02B18900100004E6E /* CryptoAppUITests.xctest */;
			productType = "com.apple.product-type.bundle.ui-testing";
		};
/* End PBXNativeTarget section */

/* Begin PBXProject section */
		F3D4FAA82B188FFE00004E6E /* Project object */ = {
			isa = PBXProject;
			attributes = {
				BuildIndependentTargetsInParallel = 1;
				LastSwiftUpdateCheck = 1500;
				LastUpgradeCheck = 1500;
				TargetAttributes = {
					F3D4FAAF2B188FFF00004E6E = {
						CreatedOnToolsVersion = 15.0.1;
					};
					F3D4FAC52B18900100004E6E = {
						CreatedOnToolsVersion = 15.0.1;
						TestTargetID = F3D4FAAF2B188FFF00004E6E;
					};
					F3D4FACF2B18900100004E6E = {
						CreatedOnToolsVersion = 15.0.1;
						TestTargetID = F3D4FAAF2B188FFF00004E6E;
					};
				};
			};
			buildConfigurationList = F3D4FAAB2B188FFF00004E6E /* Build configuration list for PBXProject "CryptoApp" */;
			compatibilityVersion = "Xcode 14.0";
			developmentRegion = en;
			hasScannedForEncodings = 0;
			knownRegions = (
				en,
				Base,
			);
			mainGroup = F3D4FAA72B188FFE00004E6E;
			packageReferences = (
				F3D4FAEE2B18E98800004E6E /* XCRemoteSwiftPackageReference "RxSwift" */,
			);
			productRefGroup = F3D4FAB12B188FFF00004E6E /* Products */;
			projectDirPath = "";
			projectRoot = "";
			targets = (
				F3D4FAAF2B188FFF00004E6E /* CryptoApp */,
				F3D4FAC52B18900100004E6E /* CryptoAppTests */,
				F3D4FACF2B18900100004E6E /* CryptoAppUITests */,
			);
		};
/* End PBXProject section */

/* Begin PBXResourcesBuildPhase section */
		F3D4FAAE2B188FFF00004E6E /* Resources */ = {
			isa = PBXResourcesBuildPhase;
			buildActionMask = 2147483647;
			files = (
				F3D4FAC02B18900100004E6E /* LaunchScreen.storyboard in Resources */,
				F3D4FABD2B18900000004E6E /* Assets.xcassets in Resources */,
				F3D4FABB2B188FFF00004E6E /* Main.storyboard in Resources */,
			);
			runOnlyForDeploymentPostprocessing = 0;
		};
		F3D4FAC42B18900100004E6E /* Resources */ = {
			isa = PBXResourcesBuildPhase;
			buildActionMask = 2147483647;
			files = (
			);
			runOnlyForDeploymentPostprocessing = 0;
		};
		F3D4FACE2B18900100004E6E /* Resources */ = {
			isa = PBXResourcesBuildPhase;
			buildActionMask = 2147483647;
			files = (
			);
			runOnlyForDeploymentPostprocessing = 0;
		};
/* End PBXResourcesBuildPhase section */

/* Begin PBXSourcesBuildPhase section */
		F3D4FAAC2B188FFF00004E6E /* Sources */ = {
			isa = PBXSourcesBuildPhase;
			buildActionMask = 2147483647;
			files = (
				F3D4FAE82B189A1A00004E6E /* Crypto.swift in Sources */,
				F3D4FAB82B188FFF00004E6E /* ViewController.swift in Sources */,
				F3D4FAB42B188FFF00004E6E /* AppDelegate.swift in Sources */,
				F3D4FAEA2B189CA700004E6E /* WebService.swift in Sources */,
				F3D4FAB62B188FFF00004E6E /* SceneDelegate.swift in Sources */,
				F3D4FAEC2B18E37E00004E6E /* CryptoViewModel.swift in Sources */,
				F3D4FB042B19E72600004E6E /* CryptoTableViewCell.swift in Sources */,
			);
			runOnlyForDeploymentPostprocessing = 0;
		};
		F3D4FAC22B18900100004E6E /* Sources */ = {
			isa = PBXSourcesBuildPhase;
			buildActionMask = 2147483647;
			files = (
				F3D4FACB2B18900100004E6E /* CryptoAppTests.swift in Sources */,
			);
			runOnlyForDeploymentPostprocessing = 0;
		};
		F3D4FACC2B18900100004E6E /* Sources */ = {
			isa = PBXSourcesBuildPhase;
			buildActionMask = 2147483647;
			files = (
				F3D4FAD52B18900100004E6E /* CryptoAppUITests.swift in Sources */,
				F3D4FAD72B18900100004E6E /* CryptoAppUITestsLaunchTests.swift in Sources */,
			);
			runOnlyForDeploymentPostprocessing = 0;
		};
/* End PBXSourcesBuildPhase section */

/* Begin PBXTargetDependency section */
		F3D4FAC82B18900100004E6E /* PBXTargetDependency */ = {
			isa = PBXTargetDependency;
			target = F3D4FAAF2B188FFF00004E6E /* CryptoApp */;
			targetProxy = F3D4FAC72B18900100004E6E /* PBXContainerItemProxy */;
		};
		F3D4FAD22B18900100004E6E /* PBXTargetDependency */ = {
			isa = PBXTargetDependency;
			target = F3D4FAAF2B188FFF00004E6E /* CryptoApp */;
			targetProxy = F3D4FAD12B18900100004E6E /* PBXContainerItemProxy */;
		};
/* End PBXTargetDependency section */

/* Begin PBXVariantGroup section */
		F3D4FAB92B188FFF00004E6E /* Main.storyboard */ = {
			isa = PBXVariantGroup;
			children = (
				F3D4FABA2B188FFF00004E6E /* Base */,
			);
			name = Main.storyboard;
			sourceTree = "<group>";
		};
		F3D4FABE2B18900100004E6E /* LaunchScreen.storyboard */ = {
			isa = PBXVariantGroup;
			children = (
				F3D4FABF2B18900100004E6E /* Base */,
			);
			name = LaunchScreen.storyboard;
			sourceTree = "<group>";
		};
/* End PBXVariantGroup section */

/* Begin XCBuildConfiguration section */
		F3D4FAD82B18900100004E6E /* Debug */ = {
			isa = XCBuildConfiguration;
			buildSettings = {
				ALWAYS_SEARCH_USER_PATHS = NO;
				ASSETCATALOG_COMPILER_GENERATE_SWIFT_ASSET_SYMBOL_EXTENSIONS = YES;
				CLANG_ANALYZER_NONNULL = YES;
				CLANG_ANALYZER_NUMBER_OBJECT_CONVERSION = YES_AGGRESSIVE;
				CLANG_CXX_LANGUAGE_STANDARD = "gnu++20";
				CLANG_ENABLE_MODULES = YES;
				CLANG_ENABLE_OBJC_ARC = YES;
				CLANG_ENABLE_OBJC_WEAK = YES;
				CLANG_WARN_BLOCK_CAPTURE_AUTORELEASING = YES;
				CLANG_WARN_BOOL_CONVERSION = YES;
				CLANG_WARN_COMMA = YES;
				CLANG_WARN_CONSTANT_CONVERSION = YES;
				CLANG_WARN_DEPRECATED_OBJC_IMPLEMENTATIONS = YES;
				CLANG_WARN_DIRECT_OBJC_ISA_USAGE = YES_ERROR;
				CLANG_WARN_DOCUMENTATION_COMMENTS = YES;
				CLANG_WARN_EMPTY_BODY = YES;
				CLANG_WARN_ENUM_CONVERSION = YES;
				CLANG_WARN_INFINITE_RECURSION = YES;
				CLANG_WARN_INT_CONVERSION = YES;
				CLANG_WARN_NON_LITERAL_NULL_CONVERSION = YES;
				CLANG_WARN_OBJC_IMPLICIT_RETAIN_SELF = YES;
				CLANG_WARN_OBJC_LITERAL_CONVERSION = YES;
				CLANG_WARN_OBJC_ROOT_CLASS = YES_ERROR;
				CLANG_WARN_QUOTED_INCLUDE_IN_FRAMEWORK_HEADER = YES;
				CLANG_WARN_RANGE_LOOP_ANALYSIS = YES;
				CLANG_WARN_STRICT_PROTOTYPES = YES;
				CLANG_WARN_SUSPICIOUS_MOVE = YES;
				CLANG_WARN_UNGUARDED_AVAILABILITY = YES_AGGRESSIVE;
				CLANG_WARN_UNREACHABLE_CODE = YES;
				CLANG_WARN__DUPLICATE_METHOD_MATCH = YES;
				COPY_PHASE_STRIP = NO;
				DEBUG_INFORMATION_FORMAT = dwarf;
				ENABLE_STRICT_OBJC_MSGSEND = YES;
				ENABLE_TESTABILITY = YES;
				ENABLE_USER_SCRIPT_SANDBOXING = YES;
				GCC_C_LANGUAGE_STANDARD = gnu17;
				GCC_DYNAMIC_NO_PIC = NO;
				GCC_NO_COMMON_BLOCKS = YES;
				GCC_OPTIMIZATION_LEVEL = 0;
				GCC_PREPROCESSOR_DEFINITIONS = (
					"DEBUG=1",
					"$(inherited)",
				);
				GCC_WARN_64_TO_32_BIT_CONVERSION = YES;
				GCC_WARN_ABOUT_RETURN_TYPE = YES_ERROR;
				GCC_WARN_UNDECLARED_SELECTOR = YES;
				GCC_WARN_UNINITIALIZED_AUTOS = YES_AGGRESSIVE;
				GCC_WARN_UNUSED_FUNCTION = YES;
				GCC_WARN_UNUSED_VARIABLE = YES;
				IPHONEOS_DEPLOYMENT_TARGET = 17.0;
				LOCALIZATION_PREFERS_STRING_CATALOGS = YES;
				MTL_ENABLE_DEBUG_INFO = INCLUDE_SOURCE;
				MTL_FAST_MATH = YES;
				ONLY_ACTIVE_ARCH = YES;
				SDKROOT = iphoneos;
				SWIFT_ACTIVE_COMPILATION_CONDITIONS = "DEBUG $(inherited)";
				SWIFT_OPTIMIZATION_LEVEL = "-Onone";
			};
			name = Debug;
		};
		F3D4FAD92B18900100004E6E /* Release */ = {
			isa = XCBuildConfiguration;
			buildSettings = {
				ALWAYS_SEARCH_USER_PATHS = NO;
				ASSETCATALOG_COMPILER_GENERATE_SWIFT_ASSET_SYMBOL_EXTENSIONS = YES;
				CLANG_ANALYZER_NONNULL = YES;
				CLANG_ANALYZER_NUMBER_OBJECT_CONVERSION = YES_AGGRESSIVE;
				CLANG_CXX_LANGUAGE_STANDARD = "gnu++20";
				CLANG_ENABLE_MODULES = YES;
				CLANG_ENABLE_OBJC_ARC = YES;
				CLANG_ENABLE_OBJC_WEAK = YES;
				CLANG_WARN_BLOCK_CAPTURE_AUTORELEASING = YES;
				CLANG_WARN_BOOL_CONVERSION = YES;
				CLANG_WARN_COMMA = YES;
				CLANG_WARN_CONSTANT_CONVERSION = YES;
				CLANG_WARN_DEPRECATED_OBJC_IMPLEMENTATIONS = YES;
				CLANG_WARN_DIRECT_OBJC_ISA_USAGE = YES_ERROR;
				CLANG_WARN_DOCUMENTATION_COMMENTS = YES;
				CLANG_WARN_EMPTY_BODY = YES;
				CLANG_WARN_ENUM_CONVERSION = YES;
				CLANG_WARN_INFINITE_RECURSION = YES;
				CLANG_WARN_INT_CONVERSION = YES;
				CLANG_WARN_NON_LITERAL_NULL_CONVERSION = YES;
				CLANG_WARN_OBJC_IMPLICIT_RETAIN_SELF = YES;
				CLANG_WARN_OBJC_LITERAL_CONVERSION = YES;
				CLANG_WARN_OBJC_ROOT_CLASS = YES_ERROR;
				CLANG_WARN_QUOTED_INCLUDE_IN_FRAMEWORK_HEADER = YES;
				CLANG_WARN_RANGE_LOOP_ANALYSIS = YES;
				CLANG_WARN_STRICT_PROTOTYPES = YES;
				CLANG_WARN_SUSPICIOUS_MOVE = YES;
				CLANG_WARN_UNGUARDED_AVAILABILITY = YES_AGGRESSIVE;
				CLANG_WARN_UNREACHABLE_CODE = YES;
				CLANG_WARN__DUPLICATE_METHOD_MATCH = YES;
				COPY_PHASE_STRIP = NO;
				DEBUG_INFORMATION_FORMAT = "dwarf-with-dsym";
				ENABLE_NS_ASSERTIONS = NO;
				ENABLE_STRICT_OBJC_MSGSEND = YES;
				ENABLE_USER_SCRIPT_SANDBOXING = YES;
				GCC_C_LANGUAGE_STANDARD = gnu17;
				GCC_NO_COMMON_BLOCKS = YES;
				GCC_WARN_64_TO_32_BIT_CONVERSION = YES;
				GCC_WARN_ABOUT_RETURN_TYPE = YES_ERROR;
				GCC_WARN_UNDECLARED_SELECTOR = YES;
				GCC_WARN_UNINITIALIZED_AUTOS = YES_AGGRESSIVE;
				GCC_WARN_UNUSED_FUNCTION = YES;
				GCC_WARN_UNUSED_VARIABLE = YES;
				IPHONEOS_DEPLOYMENT_TARGET = 17.0;
				LOCALIZATION_PREFERS_STRING_CATALOGS = YES;
				MTL_ENABLE_DEBUG_INFO = NO;
				MTL_FAST_MATH = YES;
				SDKROOT = iphoneos;
				SWIFT_COMPILATION_MODE = wholemodule;
				VALIDATE_PRODUCT = YES;
			};
			name = Release;
		};
		F3D4FADB2B18900100004E6E /* Debug */ = {
			isa = XCBuildConfiguration;
			buildSettings = {
				ASSETCATALOG_COMPILER_APPICON_NAME = AppIcon;
				ASSETCATALOG_COMPILER_GLOBAL_ACCENT_COLOR_NAME = AccentColor;
				CODE_SIGN_STYLE = Automatic;
				CURRENT_PROJECT_VERSION = 1;
				DEVELOPMENT_TEAM = WT2DZRQ5QP;
				GENERATE_INFOPLIST_FILE = YES;
				INFOPLIST_FILE = CryptoApp/Info.plist;
				INFOPLIST_KEY_UIApplicationSupportsIndirectInputEvents = YES;
				INFOPLIST_KEY_UILaunchStoryboardName = LaunchScreen;
				INFOPLIST_KEY_UIMainStoryboardFile = Main;
				INFOPLIST_KEY_UISupportedInterfaceOrientations_iPad = "UIInterfaceOrientationPortrait UIInterfaceOrientationPortraitUpsideDown UIInterfaceOrientationLandscapeLeft UIInterfaceOrientationLandscapeRight";
				INFOPLIST_KEY_UISupportedInterfaceOrientations_iPhone = "UIInterfaceOrientationPortrait UIInterfaceOrientationLandscapeLeft UIInterfaceOrientationLandscapeRight";
				LD_RUNPATH_SEARCH_PATHS = (
					"$(inherited)",
					"@executable_path/Frameworks",
				);
				MARKETING_VERSION = 1.0;
				PRODUCT_BUNDLE_IDENTIFIER = com.gali.CryptoApp;
				PRODUCT_NAME = "$(TARGET_NAME)";
				SWIFT_EMIT_LOC_STRINGS = YES;
				SWIFT_VERSION = 5.0;
				TARGETED_DEVICE_FAMILY = "1,2";
			};
			name = Debug;
		};
		F3D4FADC2B18900100004E6E /* Release */ = {
			isa = XCBuildConfiguration;
			buildSettings = {
				ASSETCATALOG_COMPILER_APPICON_NAME = AppIcon;
				ASSETCATALOG_COMPILER_GLOBAL_ACCENT_COLOR_NAME = AccentColor;
				CODE_SIGN_STYLE = Automatic;
				CURRENT_PROJECT_VERSION = 1;
				DEVELOPMENT_TEAM = WT2DZRQ5QP;
				GENERATE_INFOPLIST_FILE = YES;
				INFOPLIST_FILE = CryptoApp/Info.plist;
				INFOPLIST_KEY_UIApplicationSupportsIndirectInputEvents = YES;
				INFOPLIST_KEY_UILaunchStoryboardName = LaunchScreen;
				INFOPLIST_KEY_UIMainStoryboardFile = Main;
				INFOPLIST_KEY_UISupportedInterfaceOrientations_iPad = "UIInterfaceOrientationPortrait UIInterfaceOrientationPortraitUpsideDown UIInterfaceOrientationLandscapeLeft UIInterfaceOrientationLandscapeRight";
				INFOPLIST_KEY_UISupportedInterfaceOrientations_iPhone = "UIInterfaceOrientationPortrait UIInterfaceOrientationLandscapeLeft UIInterfaceOrientationLandscapeRight";
				LD_RUNPATH_SEARCH_PATHS = (
					"$(inherited)",
					"@executable_path/Frameworks",
				);
				MARKETING_VERSION = 1.0;
				PRODUCT_BUNDLE_IDENTIFIER = com.gali.CryptoApp;
				PRODUCT_NAME = "$(TARGET_NAME)";
				SWIFT_EMIT_LOC_STRINGS = YES;
				SWIFT_VERSION = 5.0;
				TARGETED_DEVICE_FAMILY = "1,2";
			};
			name = Release;
		};
		F3D4FADE2B18900100004E6E /* Debug */ = {
			isa = XCBuildConfiguration;
			buildSettings = {
				ALWAYS_EMBED_SWIFT_STANDARD_LIBRARIES = YES;
				BUNDLE_LOADER = "$(TEST_HOST)";
				CODE_SIGN_STYLE = Automatic;
				CURRENT_PROJECT_VERSION = 1;
				DEVELOPMENT_TEAM = WT2DZRQ5QP;
				GENERATE_INFOPLIST_FILE = YES;
				IPHONEOS_DEPLOYMENT_TARGET = 17.0;
				MARKETING_VERSION = 1.0;
				PRODUCT_BUNDLE_IDENTIFIER = com.gali.CryptoAppTests;
				PRODUCT_NAME = "$(TARGET_NAME)";
				SWIFT_EMIT_LOC_STRINGS = NO;
				SWIFT_VERSION = 5.0;
				TARGETED_DEVICE_FAMILY = "1,2";
				TEST_HOST = "$(BUILT_PRODUCTS_DIR)/CryptoApp.app/$(BUNDLE_EXECUTABLE_FOLDER_PATH)/CryptoApp";
			};
			name = Debug;
		};
		F3D4FADF2B18900100004E6E /* Release */ = {
			isa = XCBuildConfiguration;
			buildSettings = {
				ALWAYS_EMBED_SWIFT_STANDARD_LIBRARIES = YES;
				BUNDLE_LOADER = "$(TEST_HOST)";
				CODE_SIGN_STYLE = Automatic;
				CURRENT_PROJECT_VERSION = 1;
				DEVELOPMENT_TEAM = WT2DZRQ5QP;
				GENERATE_INFOPLIST_FILE = YES;
				IPHONEOS_DEPLOYMENT_TARGET = 17.0;
				MARKETING_VERSION = 1.0;
				PRODUCT_BUNDLE_IDENTIFIER = com.gali.CryptoAppTests;
				PRODUCT_NAME = "$(TARGET_NAME)";
				SWIFT_EMIT_LOC_STRINGS = NO;
				SWIFT_VERSION = 5.0;
				TARGETED_DEVICE_FAMILY = "1,2";
				TEST_HOST = "$(BUILT_PRODUCTS_DIR)/CryptoApp.app/$(BUNDLE_EXECUTABLE_FOLDER_PATH)/CryptoApp";
			};
			name = Release;
		};
		F3D4FAE12B18900100004E6E /* Debug */ = {
			isa = XCBuildConfiguration;
			buildSettings = {
				ALWAYS_EMBED_SWIFT_STANDARD_LIBRARIES = YES;
				CODE_SIGN_STYLE = Automatic;
				CURRENT_PROJECT_VERSION = 1;
				DEVELOPMENT_TEAM = WT2DZRQ5QP;
				GENERATE_INFOPLIST_FILE = YES;
				MARKETING_VERSION = 1.0;
				PRODUCT_BUNDLE_IDENTIFIER = com.gali.CryptoAppUITests;
				PRODUCT_NAME = "$(TARGET_NAME)";
				SWIFT_EMIT_LOC_STRINGS = NO;
				SWIFT_VERSION = 5.0;
				TARGETED_DEVICE_FAMILY = "1,2";
				TEST_TARGET_NAME = CryptoApp;
			};
			name = Debug;
		};
		F3D4FAE22B18900100004E6E /* Release */ = {
			isa = XCBuildConfiguration;
			buildSettings = {
				ALWAYS_EMBED_SWIFT_STANDARD_LIBRARIES = YES;
				CODE_SIGN_STYLE = Automatic;
				CURRENT_PROJECT_VERSION = 1;
				DEVELOPMENT_TEAM = WT2DZRQ5QP;
				GENERATE_INFOPLIST_FILE = YES;
				MARKETING_VERSION = 1.0;
				PRODUCT_BUNDLE_IDENTIFIER = com.gali.CryptoAppUITests;
				PRODUCT_NAME = "$(TARGET_NAME)";
				SWIFT_EMIT_LOC_STRINGS = NO;
				SWIFT_VERSION = 5.0;
				TARGETED_DEVICE_FAMILY = "1,2";
				TEST_TARGET_NAME = CryptoApp;
			};
			name = Release;
		};
/* End XCBuildConfiguration section */

/* Begin XCConfigurationList section */
		F3D4FAAB2B188FFF00004E6E /* Build configuration list for PBXProject "CryptoApp" */ = {
			isa = XCConfigurationList;
			buildConfigurations = (
				F3D4FAD82B18900100004E6E /* Debug */,
				F3D4FAD92B18900100004E6E /* Release */,
			);
			defaultConfigurationIsVisible = 0;
			defaultConfigurationName = Release;
		};
		F3D4FADA2B18900100004E6E /* Build configuration list for PBXNativeTarget "CryptoApp" */ = {
			isa = XCConfigurationList;
			buildConfigurations = (
				F3D4FADB2B18900100004E6E /* Debug */,
				F3D4FADC2B18900100004E6E /* Release */,
			);
			defaultConfigurationIsVisible = 0;
			defaultConfigurationName = Release;
		};
		F3D4FADD2B18900100004E6E /* Build configuration list for PBXNativeTarget "CryptoAppTests" */ = {
			isa = XCConfigurationList;
			buildConfigurations = (
				F3D4FADE2B18900100004E6E /* Debug */,
				F3D4FADF2B18900100004E6E /* Release */,
			);
			defaultConfigurationIsVisible = 0;
			defaultConfigurationName = Release;
		};
		F3D4FAE02B18900100004E6E /* Build configuration list for PBXNativeTarget "CryptoAppUITests" */ = {
			isa = XCConfigurationList;
			buildConfigurations = (
				F3D4FAE12B18900100004E6E /* Debug */,
				F3D4FAE22B18900100004E6E /* Release */,
			);
			defaultConfigurationIsVisible = 0;
			defaultConfigurationName = Release;
		};
/* End XCConfigurationList section */

/* Begin XCRemoteSwiftPackageReference section */
		F3D4FAEE2B18E98800004E6E /* XCRemoteSwiftPackageReference "RxSwift" */ = {
			isa = XCRemoteSwiftPackageReference;
			repositoryURL = "https://github.com/ReactiveX/RxSwift.git";
			requirement = {
				kind = upToNextMajorVersion;
				minimumVersion = 6.6.0;
			};
		};
/* End XCRemoteSwiftPackageReference section */

/* Begin XCSwiftPackageProductDependency section */
		F3D4FAF32B18E98800004E6E /* RxCocoa */ = {
			isa = XCSwiftPackageProductDependency;
			package = F3D4FAEE2B18E98800004E6E /* XCRemoteSwiftPackageReference "RxSwift" */;
			productName = RxCocoa;
		};
		F3D4FAFB2B18E98800004E6E /* RxSwift */ = {
			isa = XCSwiftPackageProductDependency;
			package = F3D4FAEE2B18E98800004E6E /* XCRemoteSwiftPackageReference "RxSwift" */;
			productName = RxSwift;
		};
/* End XCSwiftPackageProductDependency section */
	};
	rootObject = F3D4FAA82B188FFE00004E6E /* Project object */;
}
